// !$*UTF8*$!
{
	archiveVersion = 1;
	classes = {
	};
	objectVersion = 51;
	objects = {

/* Begin PBXBuildFile section */
		467C7FA8C9031E6019B7D85D /* Pods_MyTodoList_MyTodoListUITests.framework in Frameworks */ = {isa = PBXBuildFile; fileRef = CA8C3C94BF473D0333E114BB /* Pods_MyTodoList_MyTodoListUITests.framework */; };
		922F192D7D4A276C79DAB7CA /* Pods_MyTodoList.framework in Frameworks */ = {isa = PBXBuildFile; fileRef = 48FB0AD08E1324605D07509C /* Pods_MyTodoList.framework */; };
		E91B0E4B3412615962023B28 /* Pods_MyTodoListTests.framework in Frameworks */ = {isa = PBXBuildFile; fileRef = DFA5B84A2F812FC461818D72 /* Pods_MyTodoListTests.framework */; };
		EFB3B98F24A4D84C00EE9BB1 /* AppDelegate.swift in Sources */ = {isa = PBXBuildFile; fileRef = EFB3B98E24A4D84C00EE9BB1 /* AppDelegate.swift */; };
		EFB3B99124A4D84C00EE9BB1 /* SceneDelegate.swift in Sources */ = {isa = PBXBuildFile; fileRef = EFB3B99024A4D84C00EE9BB1 /* SceneDelegate.swift */; };
		EFB3B99324A4D84C00EE9BB1 /* ViewController.swift in Sources */ = {isa = PBXBuildFile; fileRef = EFB3B99224A4D84C00EE9BB1 /* ViewController.swift */; };
		EFB3B99624A4D84C00EE9BB1 /* Main.storyboard in Resources */ = {isa = PBXBuildFile; fileRef = EFB3B99424A4D84C00EE9BB1 /* Main.storyboard */; };
		EFB3B99824A4D84E00EE9BB1 /* Assets.xcassets in Resources */ = {isa = PBXBuildFile; fileRef = EFB3B99724A4D84E00EE9BB1 /* Assets.xcassets */; };
		EFB3B99B24A4D84E00EE9BB1 /* LaunchScreen.storyboard in Resources */ = {isa = PBXBuildFile; fileRef = EFB3B99924A4D84E00EE9BB1 /* LaunchScreen.storyboard */; };
		EFB3B9A624A4D84E00EE9BB1 /* MyTodoListTests.swift in Sources */ = {isa = PBXBuildFile; fileRef = EFB3B9A524A4D84E00EE9BB1 /* MyTodoListTests.swift */; };
		EFB3B9B124A4D84E00EE9BB1 /* MyTodoListUITests.swift in Sources */ = {isa = PBXBuildFile; fileRef = EFB3B9B024A4D84E00EE9BB1 /* MyTodoListUITests.swift */; };
		EFCF220724A4E10E00473185 /* EntryViewController.swift in Sources */ = {isa = PBXBuildFile; fileRef = EFCF220624A4E10E00473185 /* EntryViewController.swift */; };
		EFCF220924A4E11A00473185 /* DetailViewController.swift in Sources */ = {isa = PBXBuildFile; fileRef = EFCF220824A4E11A00473185 /* DetailViewController.swift */; };
/* End PBXBuildFile section */

/* Begin PBXContainerItemProxy section */
		EFB3B9A224A4D84E00EE9BB1 /* PBXContainerItemProxy */ = {
			isa = PBXContainerItemProxy;
			containerPortal = EFB3B98324A4D84C00EE9BB1 /* Project object */;
			proxyType = 1;
			remoteGlobalIDString = EFB3B98A24A4D84C00EE9BB1;
			remoteInfo = MyTodoList;
		};
		EFB3B9AD24A4D84E00EE9BB1 /* PBXContainerItemProxy */ = {
			isa = PBXContainerItemProxy;
			containerPortal = EFB3B98324A4D84C00EE9BB1 /* Project object */;
			proxyType = 1;
			remoteGlobalIDString = EFB3B98A24A4D84C00EE9BB1;
			remoteInfo = MyTodoList;
		};
/* End PBXContainerItemProxy section */

/* Begin PBXFileReference section */
		13E9A3AC20BA647DDBFEE987 /* Pods-MyTodoListTests.debug.xcconfig */ = {isa = PBXFileReference; includeInIndex = 1; lastKnownFileType = text.xcconfig; name = "Pods-MyTodoListTests.debug.xcconfig"; path = "Target Support Files/Pods-MyTodoListTests/Pods-MyTodoListTests.debug.xcconfig"; sourceTree = "<group>"; };
		414317C32780502819695655 /* Pods-MyTodoList-MyTodoListUITests.debug.xcconfig */ = {isa = PBXFileReference; includeInIndex = 1; lastKnownFileType = text.xcconfig; name = "Pods-MyTodoList-MyTodoListUITests.debug.xcconfig"; path = "Target Support Files/Pods-MyTodoList-MyTodoListUITests/Pods-MyTodoList-MyTodoListUITests.debug.xcconfig"; sourceTree = "<group>"; };
		48FB0AD08E1324605D07509C /* Pods_MyTodoList.framework */ = {isa = PBXFileReference; explicitFileType = wrapper.framework; includeInIndex = 0; path = Pods_MyTodoList.framework; sourceTree = BUILT_PRODUCTS_DIR; };
		5CA20016DA86A88D5ACF3CDD /* Pods-MyTodoList.release.xcconfig */ = {isa = PBXFileReference; includeInIndex = 1; lastKnownFileType = text.xcconfig; name = "Pods-MyTodoList.release.xcconfig"; path = "Target Support Files/Pods-MyTodoList/Pods-MyTodoList.release.xcconfig"; sourceTree = "<group>"; };
		7F38A50A50AF11614CD09C0D /* Pods-MyTodoList-MyTodoListUITests.release.xcconfig */ = {isa = PBXFileReference; includeInIndex = 1; lastKnownFileType = text.xcconfig; name = "Pods-MyTodoList-MyTodoListUITests.release.xcconfig"; path = "Target Support Files/Pods-MyTodoList-MyTodoListUITests/Pods-MyTodoList-MyTodoListUITests.release.xcconfig"; sourceTree = "<group>"; };
		B7489521FC785053B5AC3133 /* Pods-MyTodoList.debug.xcconfig */ = {isa = PBXFileReference; includeInIndex = 1; lastKnownFileType = text.xcconfig; name = "Pods-MyTodoList.debug.xcconfig"; path = "Target Support Files/Pods-MyTodoList/Pods-MyTodoList.debug.xcconfig"; sourceTree = "<group>"; };
		BE8D515B25D8C72213DB3935 /* Pods-MyTodoListTests.release.xcconfig */ = {isa = PBXFileReference; includeInIndex = 1; lastKnownFileType = text.xcconfig; name = "Pods-MyTodoListTests.release.xcconfig"; path = "Target Support Files/Pods-MyTodoListTests/Pods-MyTodoListTests.release.xcconfig"; sourceTree = "<group>"; };
		CA8C3C94BF473D0333E114BB /* Pods_MyTodoList_MyTodoListUITests.framework */ = {isa = PBXFileReference; explicitFileType = wrapper.framework; includeInIndex = 0; path = Pods_MyTodoList_MyTodoListUITests.framework; sourceTree = BUILT_PRODUCTS_DIR; };
		DFA5B84A2F812FC461818D72 /* Pods_MyTodoListTests.framework */ = {isa = PBXFileReference; explicitFileType = wrapper.framework; includeInIndex = 0; path = Pods_MyTodoListTests.framework; sourceTree = BUILT_PRODUCTS_DIR; };
		EFB3B98B24A4D84C00EE9BB1 /* MyTodoList.app */ = {isa = PBXFileReference; explicitFileType = wrapper.application; includeInIndex = 0; path = MyTodoList.app; sourceTree = BUILT_PRODUCTS_DIR; };
		EFB3B98E24A4D84C00EE9BB1 /* AppDelegate.swift */ = {isa = PBXFileReference; lastKnownFileType = sourcecode.swift; path = AppDelegate.swift; sourceTree = "<group>"; };
		EFB3B99024A4D84C00EE9BB1 /* SceneDelegate.swift */ = {isa = PBXFileReference; lastKnownFileType = sourcecode.swift; path = SceneDelegate.swift; sourceTree = "<group>"; };
		EFB3B99224A4D84C00EE9BB1 /* ViewController.swift */ = {isa = PBXFileReference; lastKnownFileType = sourcecode.swift; path = ViewController.swift; sourceTree = "<group>"; };
		EFB3B99524A4D84C00EE9BB1 /* Base */ = {isa = PBXFileReference; lastKnownFileType = file.storyboard; name = Base; path = Base.lproj/Main.storyboard; sourceTree = "<group>"; };
		EFB3B99724A4D84E00EE9BB1 /* Assets.xcassets */ = {isa = PBXFileReference; lastKnownFileType = folder.assetcatalog; path = Assets.xcassets; sourceTree = "<group>"; };
		EFB3B99A24A4D84E00EE9BB1 /* Base */ = {isa = PBXFileReference; lastKnownFileType = file.storyboard; name = Base; path = Base.lproj/LaunchScreen.storyboard; sourceTree = "<group>"; };
		EFB3B99C24A4D84E00EE9BB1 /* Info.plist */ = {isa = PBXFileReference; lastKnownFileType = text.plist.xml; path = Info.plist; sourceTree = "<group>"; };
		EFB3B9A124A4D84E00EE9BB1 /* MyTodoListTests.xctest */ = {isa = PBXFileReference; explicitFileType = wrapper.cfbundle; includeInIndex = 0; path = MyTodoListTests.xctest; sourceTree = BUILT_PRODUCTS_DIR; };
		EFB3B9A524A4D84E00EE9BB1 /* MyTodoListTests.swift */ = {isa = PBXFileReference; lastKnownFileType = sourcecode.swift; path = MyTodoListTests.swift; sourceTree = "<group>"; };
		EFB3B9A724A4D84E00EE9BB1 /* Info.plist */ = {isa = PBXFileReference; lastKnownFileType = text.plist.xml; path = Info.plist; sourceTree = "<group>"; };
		EFB3B9AC24A4D84E00EE9BB1 /* MyTodoListUITests.xctest */ = {isa = PBXFileReference; explicitFileType = wrapper.cfbundle; includeInIndex = 0; path = MyTodoListUITests.xctest; sourceTree = BUILT_PRODUCTS_DIR; };
		EFB3B9B024A4D84E00EE9BB1 /* MyTodoListUITests.swift */ = {isa = PBXFileReference; lastKnownFileType = sourcecode.swift; path = MyTodoListUITests.swift; sourceTree = "<group>"; };
		EFB3B9B224A4D84E00EE9BB1 /* Info.plist */ = {isa = PBXFileReference; lastKnownFileType = text.plist.xml; path = Info.plist; sourceTree = "<group>"; };
		EFCF220624A4E10E00473185 /* EntryViewController.swift */ = {isa = PBXFileReference; lastKnownFileType = sourcecode.swift; path = EntryViewController.swift; sourceTree = "<group>"; };
		EFCF220824A4E11A00473185 /* DetailViewController.swift */ = {isa = PBXFileReference; lastKnownFileType = sourcecode.swift; path = DetailViewController.swift; sourceTree = "<group>"; };
/* End PBXFileReference section */

/* Begin PBXFrameworksBuildPhase section */
		EFB3B98824A4D84C00EE9BB1 /* Frameworks */ = {
			isa = PBXFrameworksBuildPhase;
			buildActionMask = 2147483647;
			files = (
				922F192D7D4A276C79DAB7CA /* Pods_MyTodoList.framework in Frameworks */,
			);
			runOnlyForDeploymentPostprocessing = 0;
		};
		EFB3B99E24A4D84E00EE9BB1 /* Frameworks */ = {
			isa = PBXFrameworksBuildPhase;
			buildActionMask = 2147483647;
			files = (
				E91B0E4B3412615962023B28 /* Pods_MyTodoListTests.framework in Frameworks */,
			);
			runOnlyForDeploymentPostprocessing = 0;
		};
		EFB3B9A924A4D84E00EE9BB1 /* Frameworks */ = {
			isa = PBXFrameworksBuildPhase;
			buildActionMask = 2147483647;
			files = (
				467C7FA8C9031E6019B7D85D /* Pods_MyTodoList_MyTodoListUITests.framework in Frameworks */,
			);
			runOnlyForDeploymentPostprocessing = 0;
		};
/* End PBXFrameworksBuildPhase section */

/* Begin PBXGroup section */
		1E69F8125680DDEACE3D2B48 /* Frameworks */ = {
			isa = PBXGroup;
			children = (
				48FB0AD08E1324605D07509C /* Pods_MyTodoList.framework */,
				CA8C3C94BF473D0333E114BB /* Pods_MyTodoList_MyTodoListUITests.framework */,
				DFA5B84A2F812FC461818D72 /* Pods_MyTodoListTests.framework */,
			);
			name = Frameworks;
			sourceTree = "<group>";
		};
		5F6333E56C1642AD36EBC6C7 /* Pods */ = {
			isa = PBXGroup;
			children = (
				B7489521FC785053B5AC3133 /* Pods-MyTodoList.debug.xcconfig */,
				5CA20016DA86A88D5ACF3CDD /* Pods-MyTodoList.release.xcconfig */,
				414317C32780502819695655 /* Pods-MyTodoList-MyTodoListUITests.debug.xcconfig */,
				7F38A50A50AF11614CD09C0D /* Pods-MyTodoList-MyTodoListUITests.release.xcconfig */,
				13E9A3AC20BA647DDBFEE987 /* Pods-MyTodoListTests.debug.xcconfig */,
				BE8D515B25D8C72213DB3935 /* Pods-MyTodoListTests.release.xcconfig */,
			);
			path = Pods;
			sourceTree = "<group>";
		};
		EFB3B98224A4D84C00EE9BB1 = {
			isa = PBXGroup;
			children = (
				EFB3B98D24A4D84C00EE9BB1 /* MyTodoList */,
				EFB3B9A424A4D84E00EE9BB1 /* MyTodoListTests */,
				EFB3B9AF24A4D84E00EE9BB1 /* MyTodoListUITests */,
				EFB3B98C24A4D84C00EE9BB1 /* Products */,
				5F6333E56C1642AD36EBC6C7 /* Pods */,
				1E69F8125680DDEACE3D2B48 /* Frameworks */,
			);
			sourceTree = "<group>";
		};
		EFB3B98C24A4D84C00EE9BB1 /* Products */ = {
			isa = PBXGroup;
			children = (
				EFB3B98B24A4D84C00EE9BB1 /* MyTodoList.app */,
				EFB3B9A124A4D84E00EE9BB1 /* MyTodoListTests.xctest */,
				EFB3B9AC24A4D84E00EE9BB1 /* MyTodoListUITests.xctest */,
			);
			name = Products;
			sourceTree = "<group>";
		};
		EFB3B98D24A4D84C00EE9BB1 /* MyTodoList */ = {
			isa = PBXGroup;
			children = (
				EFB3B98E24A4D84C00EE9BB1 /* AppDelegate.swift */,
				EFB3B99024A4D84C00EE9BB1 /* SceneDelegate.swift */,
				EFB3B99224A4D84C00EE9BB1 /* ViewController.swift */,
				EFCF220624A4E10E00473185 /* EntryViewController.swift */,
				EFCF220824A4E11A00473185 /* DetailViewController.swift */,
				EFB3B99424A4D84C00EE9BB1 /* Main.storyboard */,
				EFB3B99724A4D84E00EE9BB1 /* Assets.xcassets */,
				EFB3B99924A4D84E00EE9BB1 /* LaunchScreen.storyboard */,
				EFB3B99C24A4D84E00EE9BB1 /* Info.plist */,
			);
			path = MyTodoList;
			sourceTree = "<group>";
		};
		EFB3B9A424A4D84E00EE9BB1 /* MyTodoListTests */ = {
			isa = PBXGroup;
			children = (
				EFB3B9A524A4D84E00EE9BB1 /* MyTodoListTests.swift */,
				EFB3B9A724A4D84E00EE9BB1 /* Info.plist */,
			);
			path = MyTodoListTests;
			sourceTree = "<group>";
		};
		EFB3B9AF24A4D84E00EE9BB1 /* MyTodoListUITests */ = {
			isa = PBXGroup;
			children = (
				EFB3B9B024A4D84E00EE9BB1 /* MyTodoListUITests.swift */,
				EFB3B9B224A4D84E00EE9BB1 /* Info.plist */,
			);
			path = MyTodoListUITests;
			sourceTree = "<group>";
		};
/* End PBXGroup section */

/* Begin PBXNativeTarget section */
		EFB3B98A24A4D84C00EE9BB1 /* MyTodoList */ = {
			isa = PBXNativeTarget;
			buildConfigurationList = EFB3B9B524A4D84E00EE9BB1 /* Build configuration list for PBXNativeTarget "MyTodoList" */;
			buildPhases = (
				5D6333EFE37659C1AD462944 /* [CP] Check Pods Manifest.lock */,
				EFB3B98724A4D84C00EE9BB1 /* Sources */,
				EFB3B98824A4D84C00EE9BB1 /* Frameworks */,
				EFB3B98924A4D84C00EE9BB1 /* Resources */,
				963CF3AC6079F441CC874D99 /* [CP] Embed Pods Frameworks */,
			);
			buildRules = (
			);
			dependencies = (
			);
			name = MyTodoList;
			productName = MyTodoList;
			productReference = EFB3B98B24A4D84C00EE9BB1 /* MyTodoList.app */;
			productType = "com.apple.product-type.application";
		};
		EFB3B9A024A4D84E00EE9BB1 /* MyTodoListTests */ = {
			isa = PBXNativeTarget;
			buildConfigurationList = EFB3B9B824A4D84E00EE9BB1 /* Build configuration list for PBXNativeTarget "MyTodoListTests" */;
			buildPhases = (
				45174FEE97E20E17157FF0B3 /* [CP] Check Pods Manifest.lock */,
				EFB3B99D24A4D84E00EE9BB1 /* Sources */,
				EFB3B99E24A4D84E00EE9BB1 /* Frameworks */,
				EFB3B99F24A4D84E00EE9BB1 /* Resources */,
			);
			buildRules = (
			);
			dependencies = (
				EFB3B9A324A4D84E00EE9BB1 /* PBXTargetDependency */,
			);
			name = MyTodoListTests;
			productName = MyTodoListTests;
			productReference = EFB3B9A124A4D84E00EE9BB1 /* MyTodoListTests.xctest */;
			productType = "com.apple.product-type.bundle.unit-test";
		};
		EFB3B9AB24A4D84E00EE9BB1 /* MyTodoListUITests */ = {
			isa = PBXNativeTarget;
			buildConfigurationList = EFB3B9BB24A4D84E00EE9BB1 /* Build configuration list for PBXNativeTarget "MyTodoListUITests" */;
			buildPhases = (
				28135E1C036A80236A304514 /* [CP] Check Pods Manifest.lock */,
				EFB3B9A824A4D84E00EE9BB1 /* Sources */,
				EFB3B9A924A4D84E00EE9BB1 /* Frameworks */,
				EFB3B9AA24A4D84E00EE9BB1 /* Resources */,
				918D7187C97852910A040831 /* [CP] Embed Pods Frameworks */,
			);
			buildRules = (
			);
			dependencies = (
				EFB3B9AE24A4D84E00EE9BB1 /* PBXTargetDependency */,
			);
			name = MyTodoListUITests;
			productName = MyTodoListUITests;
			productReference = EFB3B9AC24A4D84E00EE9BB1 /* MyTodoListUITests.xctest */;
			productType = "com.apple.product-type.bundle.ui-testing";
		};
/* End PBXNativeTarget section */

/* Begin PBXProject section */
		EFB3B98324A4D84C00EE9BB1 /* Project object */ = {
			isa = PBXProject;
			attributes = {
				LastSwiftUpdateCheck = 1150;
				LastUpgradeCheck = 1150;
				ORGANIZATIONNAME = Awislabs;
				TargetAttributes = {
					EFB3B98A24A4D84C00EE9BB1 = {
						CreatedOnToolsVersion = 11.5;
					};
					EFB3B9A024A4D84E00EE9BB1 = {
						CreatedOnToolsVersion = 11.5;
						TestTargetID = EFB3B98A24A4D84C00EE9BB1;
					};
					EFB3B9AB24A4D84E00EE9BB1 = {
						CreatedOnToolsVersion = 11.5;
						TestTargetID = EFB3B98A24A4D84C00EE9BB1;
					};
				};
			};
			buildConfigurationList = EFB3B98624A4D84C00EE9BB1 /* Build configuration list for PBXProject "MyTodoList" */;
			compatibilityVersion = "Xcode 9.3";
			developmentRegion = en;
			hasScannedForEncodings = 0;
			knownRegions = (
				en,
				Base,
			);
			mainGroup = EFB3B98224A4D84C00EE9BB1;
			productRefGroup = EFB3B98C24A4D84C00EE9BB1 /* Products */;
			projectDirPath = "";
			projectRoot = "";
			targets = (
				EFB3B98A24A4D84C00EE9BB1 /* MyTodoList */,
				EFB3B9A024A4D84E00EE9BB1 /* MyTodoListTests */,
				EFB3B9AB24A4D84E00EE9BB1 /* MyTodoListUITests */,
			);
		};
/* End PBXProject section */

/* Begin PBXResourcesBuildPhase section */
		EFB3B98924A4D84C00EE9BB1 /* Resources */ = {
			isa = PBXResourcesBuildPhase;
			buildActionMask = 2147483647;
			files = (
				EFB3B99B24A4D84E00EE9BB1 /* LaunchScreen.storyboard in Resources */,
				EFB3B99824A4D84E00EE9BB1 /* Assets.xcassets in Resources */,
				EFB3B99624A4D84C00EE9BB1 /* Main.storyboard in Resources */,
			);
			runOnlyForDeploymentPostprocessing = 0;
		};
		EFB3B99F24A4D84E00EE9BB1 /* Resources */ = {
			isa = PBXResourcesBuildPhase;
			buildActionMask = 2147483647;
			files = (
			);
			runOnlyForDeploymentPostprocessing = 0;
		};
		EFB3B9AA24A4D84E00EE9BB1 /* Resources */ = {
			isa = PBXResourcesBuildPhase;
			buildActionMask = 2147483647;
			files = (
			);
			runOnlyForDeploymentPostprocessing = 0;
		};
/* End PBXResourcesBuildPhase section */

/* Begin PBXShellScriptBuildPhase section */
		28135E1C036A80236A304514 /* [CP] Check Pods Manifest.lock */ = {
			isa = PBXShellScriptBuildPhase;
			buildActionMask = 2147483647;
			files = (
			);
			inputFileListPaths = (
			);
			inputPaths = (
				"${PODS_PODFILE_DIR_PATH}/Podfile.lock",
				"${PODS_ROOT}/Manifest.lock",
			);
			name = "[CP] Check Pods Manifest.lock";
			outputFileListPaths = (
			);
			outputPaths = (
				"$(DERIVED_FILE_DIR)/Pods-MyTodoList-MyTodoListUITests-checkManifestLockResult.txt",
			);
			runOnlyForDeploymentPostprocessing = 0;
			shellPath = /bin/sh;
			shellScript = "diff \"${PODS_PODFILE_DIR_PATH}/Podfile.lock\" \"${PODS_ROOT}/Manifest.lock\" > /dev/null\nif [ $? != 0 ] ; then\n    # print error to STDERR\n    echo \"error: The sandbox is not in sync with the Podfile.lock. Run 'pod install' or update your CocoaPods installation.\" >&2\n    exit 1\nfi\n# This output is used by Xcode 'outputs' to avoid re-running this script phase.\necho \"SUCCESS\" > \"${SCRIPT_OUTPUT_FILE_0}\"\n";
			showEnvVarsInLog = 0;
		};
		45174FEE97E20E17157FF0B3 /* [CP] Check Pods Manifest.lock */ = {
			isa = PBXShellScriptBuildPhase;
			buildActionMask = 2147483647;
			files = (
			);
			inputFileListPaths = (
			);
			inputPaths = (
				"${PODS_PODFILE_DIR_PATH}/Podfile.lock",
				"${PODS_ROOT}/Manifest.lock",
			);
			name = "[CP] Check Pods Manifest.lock";
			outputFileListPaths = (
			);
			outputPaths = (
				"$(DERIVED_FILE_DIR)/Pods-MyTodoListTests-checkManifestLockResult.txt",
			);
			runOnlyForDeploymentPostprocessing = 0;
			shellPath = /bin/sh;
			shellScript = "diff \"${PODS_PODFILE_DIR_PATH}/Podfile.lock\" \"${PODS_ROOT}/Manifest.lock\" > /dev/null\nif [ $? != 0 ] ; then\n    # print error to STDERR\n    echo \"error: The sandbox is not in sync with the Podfile.lock. Run 'pod install' or update your CocoaPods installation.\" >&2\n    exit 1\nfi\n# This output is used by Xcode 'outputs' to avoid re-running this script phase.\necho \"SUCCESS\" > \"${SCRIPT_OUTPUT_FILE_0}\"\n";
			showEnvVarsInLog = 0;
		};
		5D6333EFE37659C1AD462944 /* [CP] Check Pods Manifest.lock */ = {
			isa = PBXShellScriptBuildPhase;
			buildActionMask = 2147483647;
			files = (
			);
			inputFileListPaths = (
			);
			inputPaths = (
				"${PODS_PODFILE_DIR_PATH}/Podfile.lock",
				"${PODS_ROOT}/Manifest.lock",
			);
			name = "[CP] Check Pods Manifest.lock";
			outputFileListPaths = (
			);
			outputPaths = (
				"$(DERIVED_FILE_DIR)/Pods-MyTodoList-checkManifestLockResult.txt",
			);
			runOnlyForDeploymentPostprocessing = 0;
			shellPath = /bin/sh;
			shellScript = "diff \"${PODS_PODFILE_DIR_PATH}/Podfile.lock\" \"${PODS_ROOT}/Manifest.lock\" > /dev/null\nif [ $? != 0 ] ; then\n    # print error to STDERR\n    echo \"error: The sandbox is not in sync with the Podfile.lock. Run 'pod install' or update your CocoaPods installation.\" >&2\n    exit 1\nfi\n# This output is used by Xcode 'outputs' to avoid re-running this script phase.\necho \"SUCCESS\" > \"${SCRIPT_OUTPUT_FILE_0}\"\n";
			showEnvVarsInLog = 0;
		};
		918D7187C97852910A040831 /* [CP] Embed Pods Frameworks */ = {
			isa = PBXShellScriptBuildPhase;
			buildActionMask = 2147483647;
			files = (
			);
			inputFileListPaths = (
				"${PODS_ROOT}/Target Support Files/Pods-MyTodoList-MyTodoListUITests/Pods-MyTodoList-MyTodoListUITests-frameworks-${CONFIGURATION}-input-files.xcfilelist",
			);
			name = "[CP] Embed Pods Frameworks";
			outputFileListPaths = (
				"${PODS_ROOT}/Target Support Files/Pods-MyTodoList-MyTodoListUITests/Pods-MyTodoList-MyTodoListUITests-frameworks-${CONFIGURATION}-output-files.xcfilelist",
			);
			runOnlyForDeploymentPostprocessing = 0;
			shellPath = /bin/sh;
			shellScript = "\"${PODS_ROOT}/Target Support Files/Pods-MyTodoList-MyTodoListUITests/Pods-MyTodoList-MyTodoListUITests-frameworks.sh\"\n";
			showEnvVarsInLog = 0;
		};
		963CF3AC6079F441CC874D99 /* [CP] Embed Pods Frameworks */ = {
			isa = PBXShellScriptBuildPhase;
			buildActionMask = 2147483647;
			files = (
			);
			inputFileListPaths = (
				"${PODS_ROOT}/Target Support Files/Pods-MyTodoList/Pods-MyTodoList-frameworks-${CONFIGURATION}-input-files.xcfilelist",
			);
			name = "[CP] Embed Pods Frameworks";
			outputFileListPaths = (
				"${PODS_ROOT}/Target Support Files/Pods-MyTodoList/Pods-MyTodoList-frameworks-${CONFIGURATION}-output-files.xcfilelist",
			);
			runOnlyForDeploymentPostprocessing = 0;
			shellPath = /bin/sh;
			shellScript = "\"${PODS_ROOT}/Target Support Files/Pods-MyTodoList/Pods-MyTodoList-frameworks.sh\"\n";
			showEnvVarsInLog = 0;
		};
/* End PBXShellScriptBuildPhase section */

/* Begin PBXSourcesBuildPhase section */
		EFB3B98724A4D84C00EE9BB1 /* Sources */ = {
			isa = PBXSourcesBuildPhase;
			buildActionMask = 2147483647;
			files = (
				EFB3B99324A4D84C00EE9BB1 /* ViewController.swift in Sources */,
				EFCF220724A4E10E00473185 /* EntryViewController.swift in Sources */,
				EFCF220924A4E11A00473185 /* DetailViewController.swift in Sources */,
				EFB3B98F24A4D84C00EE9BB1 /* AppDelegate.swift in Sources */,
				EFB3B99124A4D84C00EE9BB1 /* SceneDelegate.swift in Sources */,
			);
			runOnlyForDeploymentPostprocessing = 0;
		};
		EFB3B99D24A4D84E00EE9BB1 /* Sources */ = {
			isa = PBXSourcesBuildPhase;
			buildActionMask = 2147483647;
			files = (
				EFB3B9A624A4D84E00EE9BB1 /* MyTodoListTests.swift in Sources */,
			);
			runOnlyForDeploymentPostprocessing = 0;
		};
		EFB3B9A824A4D84E00EE9BB1 /* Sources */ = {
			isa = PBXSourcesBuildPhase;
			buildActionMask = 2147483647;
			files = (
				EFB3B9B124A4D84E00EE9BB1 /* MyTodoListUITests.swift in Sources */,
			);
			runOnlyForDeploymentPostprocessing = 0;
		};
/* End PBXSourcesBuildPhase section */

/* Begin PBXTargetDependency section */
		EFB3B9A324A4D84E00EE9BB1 /* PBXTargetDependency */ = {
			isa = PBXTargetDependency;
			target = EFB3B98A24A4D84C00EE9BB1 /* MyTodoList */;
			targetProxy = EFB3B9A224A4D84E00EE9BB1 /* PBXContainerItemProxy */;
		};
		EFB3B9AE24A4D84E00EE9BB1 /* PBXTargetDependency */ = {
			isa = PBXTargetDependency;
			target = EFB3B98A24A4D84C00EE9BB1 /* MyTodoList */;
			targetProxy = EFB3B9AD24A4D84E00EE9BB1 /* PBXContainerItemProxy */;
		};
/* End PBXTargetDependency section */

/* Begin PBXVariantGroup section */
		EFB3B99424A4D84C00EE9BB1 /* Main.storyboard */ = {
			isa = PBXVariantGroup;
			children = (
				EFB3B99524A4D84C00EE9BB1 /* Base */,
			);
			name = Main.storyboard;
			sourceTree = "<group>";
		};
		EFB3B99924A4D84E00EE9BB1 /* LaunchScreen.storyboard */ = {
			isa = PBXVariantGroup;
			children = (
				EFB3B99A24A4D84E00EE9BB1 /* Base */,
			);
			name = LaunchScreen.storyboard;
			sourceTree = "<group>";
		};
/* End PBXVariantGroup section */

/* Begin XCBuildConfiguration section */
		EFB3B9B324A4D84E00EE9BB1 /* Debug */ = {
			isa = XCBuildConfiguration;
			buildSettings = {
				ALWAYS_SEARCH_USER_PATHS = NO;
				CLANG_ANALYZER_NONNULL = YES;
				CLANG_ANALYZER_NUMBER_OBJECT_CONVERSION = YES_AGGRESSIVE;
				CLANG_CXX_LANGUAGE_STANDARD = "gnu++14";
				CLANG_CXX_LIBRARY = "libc++";
				CLANG_ENABLE_MODULES = YES;
				CLANG_ENABLE_OBJC_ARC = YES;
				CLANG_ENABLE_OBJC_WEAK = YES;
				CLANG_WARN_BLOCK_CAPTURE_AUTORELEASING = YES;
				CLANG_WARN_BOOL_CONVERSION = YES;
				CLANG_WARN_COMMA = YES;
				CLANG_WARN_CONSTANT_CONVERSION = YES;
				CLANG_WARN_DEPRECATED_OBJC_IMPLEMENTATIONS = YES;
				CLANG_WARN_DIRECT_OBJC_ISA_USAGE = YES_ERROR;
				CLANG_WARN_DOCUMENTATION_COMMENTS = YES;
				CLANG_WARN_EMPTY_BODY = YES;
				CLANG_WARN_ENUM_CONVERSION = YES;
				CLANG_WARN_INFINITE_RECURSION = YES;
				CLANG_WARN_INT_CONVERSION = YES;
				CLANG_WARN_NON_LITERAL_NULL_CONVERSION = YES;
				CLANG_WARN_OBJC_IMPLICIT_RETAIN_SELF = YES;
				CLANG_WARN_OBJC_LITERAL_CONVERSION = YES;
				CLANG_WARN_OBJC_ROOT_CLASS = YES_ERROR;
				CLANG_WARN_RANGE_LOOP_ANALYSIS = YES;
				CLANG_WARN_STRICT_PROTOTYPES = YES;
				CLANG_WARN_SUSPICIOUS_MOVE = YES;
				CLANG_WARN_UNGUARDED_AVAILABILITY = YES_AGGRESSIVE;
				CLANG_WARN_UNREACHABLE_CODE = YES;
				CLANG_WARN__DUPLICATE_METHOD_MATCH = YES;
				COPY_PHASE_STRIP = NO;
				DEBUG_INFORMATION_FORMAT = dwarf;
				ENABLE_STRICT_OBJC_MSGSEND = YES;
				ENABLE_TESTABILITY = YES;
				GCC_C_LANGUAGE_STANDARD = gnu11;
				GCC_DYNAMIC_NO_PIC = NO;
				GCC_NO_COMMON_BLOCKS = YES;
				GCC_OPTIMIZATION_LEVEL = 0;
				GCC_PREPROCESSOR_DEFINITIONS = (
					"DEBUG=1",
					"$(inherited)",
				);
				GCC_WARN_64_TO_32_BIT_CONVERSION = YES;
				GCC_WARN_ABOUT_RETURN_TYPE = YES_ERROR;
				GCC_WARN_UNDECLARED_SELECTOR = YES;
				GCC_WARN_UNINITIALIZED_AUTOS = YES_AGGRESSIVE;
				GCC_WARN_UNUSED_FUNCTION = YES;
				GCC_WARN_UNUSED_VARIABLE = YES;
				IPHONEOS_DEPLOYMENT_TARGET = 13.5;
				MTL_ENABLE_DEBUG_INFO = INCLUDE_SOURCE;
				MTL_FAST_MATH = YES;
				ONLY_ACTIVE_ARCH = YES;
				SDKROOT = iphoneos;
				SWIFT_ACTIVE_COMPILATION_CONDITIONS = DEBUG;
				SWIFT_OPTIMIZATION_LEVEL = "-Onone";
			};
			name = Debug;
		};
		EFB3B9B424A4D84E00EE9BB1 /* Release */ = {
			isa = XCBuildConfiguration;
			buildSettings = {
				ALWAYS_SEARCH_USER_PATHS = NO;
				CLANG_ANALYZER_NONNULL = YES;
				CLANG_ANALYZER_NUMBER_OBJECT_CONVERSION = YES_AGGRESSIVE;
				CLANG_CXX_LANGUAGE_STANDARD = "gnu++14";
				CLANG_CXX_LIBRARY = "libc++";
				CLANG_ENABLE_MODULES = YES;
				CLANG_ENABLE_OBJC_ARC = YES;
				CLANG_ENABLE_OBJC_WEAK = YES;
				CLANG_WARN_BLOCK_CAPTURE_AUTORELEASING = YES;
				CLANG_WARN_BOOL_CONVERSION = YES;
				CLANG_WARN_COMMA = YES;
				CLANG_WARN_CONSTANT_CONVERSION = YES;
				CLANG_WARN_DEPRECATED_OBJC_IMPLEMENTATIONS = YES;
				CLANG_WARN_DIRECT_OBJC_ISA_USAGE = YES_ERROR;
				CLANG_WARN_DOCUMENTATION_COMMENTS = YES;
				CLANG_WARN_EMPTY_BODY = YES;
				CLANG_WARN_ENUM_CONVERSION = YES;
				CLANG_WARN_INFINITE_RECURSION = YES;
				CLANG_WARN_INT_CONVERSION = YES;
				CLANG_WARN_NON_LITERAL_NULL_CONVERSION = YES;
				CLANG_WARN_OBJC_IMPLICIT_RETAIN_SELF = YES;
				CLANG_WARN_OBJC_LITERAL_CONVERSION = YES;
				CLANG_WARN_OBJC_ROOT_CLASS = YES_ERROR;
				CLANG_WARN_RANGE_LOOP_ANALYSIS = YES;
				CLANG_WARN_STRICT_PROTOTYPES = YES;
				CLANG_WARN_SUSPICIOUS_MOVE = YES;
				CLANG_WARN_UNGUARDED_AVAILABILITY = YES_AGGRESSIVE;
				CLANG_WARN_UNREACHABLE_CODE = YES;
				CLANG_WARN__DUPLICATE_METHOD_MATCH = YES;
				COPY_PHASE_STRIP = NO;
				DEBUG_INFORMATION_FORMAT = "dwarf-with-dsym";
				ENABLE_NS_ASSERTIONS = NO;
				ENABLE_STRICT_OBJC_MSGSEND = YES;
				GCC_C_LANGUAGE_STANDARD = gnu11;
				GCC_NO_COMMON_BLOCKS = YES;
				GCC_WARN_64_TO_32_BIT_CONVERSION = YES;
				GCC_WARN_ABOUT_RETURN_TYPE = YES_ERROR;
				GCC_WARN_UNDECLARED_SELECTOR = YES;
				GCC_WARN_UNINITIALIZED_AUTOS = YES_AGGRESSIVE;
				GCC_WARN_UNUSED_FUNCTION = YES;
				GCC_WARN_UNUSED_VARIABLE = YES;
				IPHONEOS_DEPLOYMENT_TARGET = 13.5;
				MTL_ENABLE_DEBUG_INFO = NO;
				MTL_FAST_MATH = YES;
				SDKROOT = iphoneos;
				SWIFT_COMPILATION_MODE = wholemodule;
				SWIFT_OPTIMIZATION_LEVEL = "-O";
				VALIDATE_PRODUCT = YES;
			};
			name = Release;
		};
		EFB3B9B624A4D84E00EE9BB1 /* Debug */ = {
			isa = XCBuildConfiguration;
			baseConfigurationReference = B7489521FC785053B5AC3133 /* Pods-MyTodoList.debug.xcconfig */;
			buildSettings = {
				ASSETCATALOG_COMPILER_APPICON_NAME = AppIcon;
				CODE_SIGN_STYLE = Automatic;
				DEVELOPMENT_TEAM = W2BDQRSF4K;
				INFOPLIST_FILE = MyTodoList/Info.plist;
				LD_RUNPATH_SEARCH_PATHS = (
					"$(inherited)",
					"@executable_path/Frameworks",
				);
				PRODUCT_BUNDLE_IDENTIFIER = awislabs.com.MyTodoList;
				PRODUCT_NAME = "$(TARGET_NAME)";
				SWIFT_VERSION = 5.0;
				TARGETED_DEVICE_FAMILY = "1,2";
			};
			name = Debug;
		};
		EFB3B9B724A4D84E00EE9BB1 /* Release */ = {
			isa = XCBuildConfiguration;
			baseConfigurationReference = 5CA20016DA86A88D5ACF3CDD /* Pods-MyTodoList.release.xcconfig */;
			buildSettings = {
				ASSETCATALOG_COMPILER_APPICON_NAME = AppIcon;
				CODE_SIGN_STYLE = Automatic;
				DEVELOPMENT_TEAM = W2BDQRSF4K;
				INFOPLIST_FILE = MyTodoList/Info.plist;
				LD_RUNPATH_SEARCH_PATHS = (
					"$(inherited)",
					"@executable_path/Frameworks",
				);
				PRODUCT_BUNDLE_IDENTIFIER = awislabs.com.MyTodoList;
				PRODUCT_NAME = "$(TARGET_NAME)";
				SWIFT_VERSION = 5.0;
				TARGETED_DEVICE_FAMILY = "1,2";
			};
			name = Release;
		};
		EFB3B9B924A4D84E00EE9BB1 /* Debug */ = {
			isa = XCBuildConfiguration;
			baseConfigurationReference = 13E9A3AC20BA647DDBFEE987 /* Pods-MyTodoListTests.debug.xcconfig */;
			buildSettings = {
				ALWAYS_EMBED_SWIFT_STANDARD_LIBRARIES = YES;
				BUNDLE_LOADER = "$(TEST_HOST)";
				CODE_SIGN_STYLE = Automatic;
				DEVELOPMENT_TEAM = W2BDQRSF4K;
				INFOPLIST_FILE = MyTodoListTests/Info.plist;
				IPHONEOS_DEPLOYMENT_TARGET = 13.5;
				LD_RUNPATH_SEARCH_PATHS = (
					"$(inherited)",
					"@executable_path/Frameworks",
					"@loader_path/Frameworks",
				);
				PRODUCT_BUNDLE_IDENTIFIER = awislabs.com.MyTodoListTests;
				PRODUCT_NAME = "$(TARGET_NAME)";
				SWIFT_VERSION = 5.0;
				TARGETED_DEVICE_FAMILY = "1,2";
				TEST_HOST = "$(BUILT_PRODUCTS_DIR)/MyTodoList.app/MyTodoList";
			};
			name = Debug;
		};
		EFB3B9BA24A4D84E00EE9BB1 /* Release */ = {
			isa = XCBuildConfiguration;
			baseConfigurationReference = BE8D515B25D8C72213DB3935 /* Pods-MyTodoListTests.release.xcconfig */;
			buildSettings = {
				ALWAYS_EMBED_SWIFT_STANDARD_LIBRARIES = YES;
				BUNDLE_LOADER = "$(TEST_HOST)";
				CODE_SIGN_STYLE = Automatic;
				DEVELOPMENT_TEAM = W2BDQRSF4K;
				INFOPLIST_FILE = MyTodoListTests/Info.plist;
				IPHONEOS_DEPLOYMENT_TARGET = 13.5;
				LD_RUNPATH_SEARCH_PATHS = (
					"$(inherited)",
					"@executable_path/Frameworks",
					"@loader_path/Frameworks",
				);
				PRODUCT_BUNDLE_IDENTIFIER = awislabs.com.MyTodoListTests;
				PRODUCT_NAME = "$(TARGET_NAME)";
				SWIFT_VERSION = 5.0;
				TARGETED_DEVICE_FAMILY = "1,2";
				TEST_HOST = "$(BUILT_PRODUCTS_DIR)/MyTodoList.app/MyTodoList";
			};
			name = Release;
		};
		EFB3B9BC24A4D84E00EE9BB1 /* Debug */ = {
			isa = XCBuildConfiguration;
			baseConfigurationReference = 414317C32780502819695655 /* Pods-MyTodoList-MyTodoListUITests.debug.xcconfig */;
			buildSettings = {
				ALWAYS_EMBED_SWIFT_STANDARD_LIBRARIES = YES;
				CODE_SIGN_STYLE = Automatic;
				DEVELOPMENT_TEAM = W2BDQRSF4K;
				INFOPLIST_FILE = MyTodoListUITests/Info.plist;
				LD_RUNPATH_SEARCH_PATHS = (
					"$(inherited)",
					"@executable_path/Frameworks",
					"@loader_path/Frameworks",
				);
				PRODUCT_BUNDLE_IDENTIFIER = awislabs.com.MyTodoListUITests;
				PRODUCT_NAME = "$(TARGET_NAME)";
				SWIFT_VERSION = 5.0;
				TARGETED_DEVICE_FAMILY = "1,2";
				TEST_TARGET_NAME = MyTodoList;
			};
			name = Debug;
		};
		EFB3B9BD24A4D84E00EE9BB1 /* Release */ = {
			isa = XCBuildConfiguration;
			baseConfigurationReference = 7F38A50A50AF11614CD09C0D /* Pods-MyTodoList-MyTodoListUITests.release.xcconfig */;
			buildSettings = {
				ALWAYS_EMBED_SWIFT_STANDARD_LIBRARIES = YES;
				CODE_SIGN_STYLE = Automatic;
				DEVELOPMENT_TEAM = W2BDQRSF4K;
				INFOPLIST_FILE = MyTodoListUITests/Info.plist;
				LD_RUNPATH_SEARCH_PATHS = (
					"$(inherited)",
					"@executable_path/Frameworks",
					"@loader_path/Frameworks",
				);
				PRODUCT_BUNDLE_IDENTIFIER = awislabs.com.MyTodoListUITests;
				PRODUCT_NAME = "$(TARGET_NAME)";
				SWIFT_VERSION = 5.0;
				TARGETED_DEVICE_FAMILY = "1,2";
				TEST_TARGET_NAME = MyTodoList;
			};
			name = Release;
		};
/* End XCBuildConfiguration section */

/* Begin XCConfigurationList section */
		EFB3B98624A4D84C00EE9BB1 /* Build configuration list for PBXProject "MyTodoList" */ = {
			isa = XCConfigurationList;
			buildConfigurations = (
				EFB3B9B324A4D84E00EE9BB1 /* Debug */,
				EFB3B9B424A4D84E00EE9BB1 /* Release */,
			);
			defaultConfigurationIsVisible = 0;
			defaultConfigurationName = Release;
		};
		EFB3B9B524A4D84E00EE9BB1 /* Build configuration list for PBXNativeTarget "MyTodoList" */ = {
			isa = XCConfigurationList;
			buildConfigurations = (
				EFB3B9B624A4D84E00EE9BB1 /* Debug */,
				EFB3B9B724A4D84E00EE9BB1 /* Release */,
			);
			defaultConfigurationIsVisible = 0;
			defaultConfigurationName = Release;
		};
		EFB3B9B824A4D84E00EE9BB1 /* Build configuration list for PBXNativeTarget "MyTodoListTests" */ = {
			isa = XCConfigurationList;
			buildConfigurations = (
				EFB3B9B924A4D84E00EE9BB1 /* Debug */,
				EFB3B9BA24A4D84E00EE9BB1 /* Release */,
			);
			defaultConfigurationIsVisible = 0;
			defaultConfigurationName = Release;
		};
		EFB3B9BB24A4D84E00EE9BB1 /* Build configuration list for PBXNativeTarget "MyTodoListUITests" */ = {
			isa = XCConfigurationList;
			buildConfigurations = (
				EFB3B9BC24A4D84E00EE9BB1 /* Debug */,
				EFB3B9BD24A4D84E00EE9BB1 /* Release */,
			);
			defaultConfigurationIsVisible = 0;
			defaultConfigurationName = Release;
		};
/* End XCConfigurationList section */
	};
	rootObject = EFB3B98324A4D84C00EE9BB1 /* Project object */;
}
